
Microsoft Visual Studio Solution File, Format Version 12.00
# Visual Studio Version 17
VisualStudioVersion = 17.1.32210.238
MinimumVisualStudioVersion = 10.0.40219.1
Project("{FAE04EC0-301F-11D3-BF4B-00C04F79EFBC}") = "BlazorEcommerce.Server", "BlazorEcommerce\Server\BlazorEcommerce.Server.csproj", "{6F4D0A2B-5E25-4170-A9A3-1CCDE931A853}"
EndProject
Project("{FAE04EC0-301F-11D3-BF4B-00C04F79EFBC}") = "BlazorEcommerce.Client", "BlazorEcommerce\Client\BlazorEcommerce.Client.csproj", "{2336264E-A623-4036-9A1B-2F41DB3DA353}"
EndProject
Project("{FAE04EC0-301F-11D3-BF4B-00C04F79EFBC}") = "BlazorEcommerce.Shared", "BlazorEcommerce\Shared\BlazorEcommerce.Shared.csproj", "{F6EFFB5B-CF61-42E4-B89F-052D47B4730A}"
EndProject
Global
	GlobalSection(SolutionConfigurationPlatforms) = preSolution
		Debug|Any CPU = Debug|Any CPU
		Release|Any CPU = Release|Any CPU
	EndGlobalSection
	GlobalSection(ProjectConfigurationPlatforms) = postSolution
		{6F4D0A2B-5E25-4170-A9A3-1CCDE931A853}.Debug|Any CPU.ActiveCfg = Debug|Any CPU
		{6F4D0A2B-5E25-4170-A9A3-1CCDE931A853}.Debug|Any CPU.Build.0 = Debug|Any CPU
		{6F4D0A2B-5E25-4170-A9A3-1CCDE931A853}.Release|Any CPU.ActiveCfg = Release|Any CPU
		{6F4D0A2B-5E25-4170-A9A3-1CCDE931A853}.Release|Any CPU.Build.0 = Release|Any CPU
		{2336264E-A623-4036-9A1B-2F41DB3DA353}.Debug|Any CPU.ActiveCfg = Debug|Any CPU
		{2336264E-A623-4036-9A1B-2F41DB3DA353}.Debug|Any CPU.Build.0 = Debug|Any CPU
		{2336264E-A623-4036-9A1B-2F41DB3DA353}.Release|Any CPU.ActiveCfg = Release|Any CPU
		{2336264E-A623-4036-9A1B-2F41DB3DA353}.Release|Any CPU.Build.0 = Release|Any CPU
		{F6EFFB5B-CF61-42E4-B89F-052D47B4730A}.Debug|Any CPU.ActiveCfg = Debug|Any CPU
		{F6EFFB5B-CF61-42E4-B89F-052D47B4730A}.Debug|Any CPU.Build.0 = Debug|Any CPU
		{F6EFFB5B-CF61-42E4-B89F-052D47B4730A}.Release|Any CPU.ActiveCfg = Release|Any CPU
		{F6EFFB5B-CF61-42E4-B89F-052D47B4730A}.Release|Any CPU.Build.0 = Release|Any CPU
	EndGlobalSection
	GlobalSection(SolutionProperties) = preSolution
		HideSolutionNode = FALSE
	EndGlobalSection
	GlobalSection(ExtensibilityGlobals) = postSolution
		SolutionGuid = {DD9A1755-DD77-4437-AE96-3E1568E77BE4}
	EndGlobalSection
EndGlobal
